
Microsoft Visual Studio Solution File, Format Version 12.00
# Visual Studio Version 16
VisualStudioVersion = 16.0.31321.278
MinimumVisualStudioVersion = 10.0.40219.1
Project("{FAE04EC0-301F-11D3-BF4B-00C04F79EFBC}") = "DuckProg", "DuckProg\DuckProg.csproj", "{A934E144-46D1-4021-8FBF-1A317BADAAC3}"
EndProject
Project("{FAE04EC0-301F-11D3-BF4B-00C04F79EFBC}") = "Ducks", "..\Ducks\Ducks.csproj", "{4F67F4C4-B5E4-4B49-AEBA-2C468E79B8FE}"
EndProject
Global
	GlobalSection(SolutionConfigurationPlatforms) = preSolution
		Debug|Any CPU = Debug|Any CPU
		Release|Any CPU = Release|Any CPU
	EndGlobalSection
	GlobalSection(ProjectConfigurationPlatforms) = postSolution
		{A934E144-46D1-4021-8FBF-1A317BADAAC3}.Debug|Any CPU.ActiveCfg = Debug|Any CPU
		{A934E144-46D1-4021-8FBF-1A317BADAAC3}.Debug|Any CPU.Build.0 = Debug|Any CPU
		{A934E144-46D1-4021-8FBF-1A317BADAAC3}.Release|Any CPU.ActiveCfg = Release|Any CPU
		{A934E144-46D1-4021-8FBF-1A317BADAAC3}.Release|Any CPU.Build.0 = Release|Any CPU
		{4F67F4C4-B5E4-4B49-AEBA-2C468E79B8FE}.Debug|Any CPU.ActiveCfg = Debug|Any CPU
		{4F67F4C4-B5E4-4B49-AEBA-2C468E79B8FE}.Debug|Any CPU.Build.0 = Debug|Any CPU
		{4F67F4C4-B5E4-4B49-AEBA-2C468E79B8FE}.Release|Any CPU.ActiveCfg = Release|Any CPU
		{4F67F4C4-B5E4-4B49-AEBA-2C468E79B8FE}.Release|Any CPU.Build.0 = Release|Any CPU
	EndGlobalSection
	GlobalSection(SolutionProperties) = preSolution
		HideSolutionNode = FALSE
	EndGlobalSection
	GlobalSection(ExtensibilityGlobals) = postSolution
		SolutionGuid = {C84772CA-5F23-4A3D-9DEE-F66B3DD0710A}
	EndGlobalSection
EndGlobal
